{
  "requires": true,
  "lockfileVersion": 1,
  "dependencies": {
    "react-native-banner-carousel": {
      "version": "1.0.3",
      "resolved": "https://registry.npmjs.org/react-native-banner-carousel/-/react-native-banner-carousel-1.0.3.tgz",
      "integrity": "sha1-g9dgIzzXSWtZWjweUTmf/LFu3LI="
    }
  }
}
